
Microsoft Visual Studio Solution File, Format Version 12.00
# Visual Studio Version 17
VisualStudioVersion = 17.0.31903.59
MinimumVisualStudioVersion = 10.0.40219.1
Project("{FAE04EC0-301F-11D3-BF4B-00C04F79EFBC}") = "Raft", "Raft\Raft.csproj", "{F9A51368-49EA-46AF-BDD9-37F3B486CEAC}"
EndProject
Project("{FAE04EC0-301F-11D3-BF4B-00C04F79EFBC}") = "Raft.Tests", "Raft.Tests\Raft.Tests.csproj", "{F98C313F-1EF3-4821-A110-279E079367F9}"
EndProject
Project("{FAE04EC0-301F-11D3-BF4B-00C04F79EFBC}") = "Node", "Node\Node.csproj", "{69117B8F-DF3E-4B9F-B707-79C523DF14B3}"
EndProject
Project("{FAE04EC0-301F-11D3-BF4B-00C04F79EFBC}") = "Gateway", "Gateway\Gateway.csproj", "{A793D9EC-8567-426D-B0D4-B92FF1C86B3D}"
EndProject
Project("{FAE04EC0-301F-11D3-BF4B-00C04F79EFBC}") = "Raft.Web", "Raft.Web\Raft.Web.csproj", "{8F2592CB-A95E-4847-8851-60B1E36082E4}"
EndProject
Project("{FAE04EC0-301F-11D3-BF4B-00C04F79EFBC}") = "Raft.Shared", "Raft.Shared\Raft.Shared.csproj", "{08B6E894-AA64-45BA-AF2E-2F5E228CA79D}"
EndProject
Global
	GlobalSection(SolutionConfigurationPlatforms) = preSolution
		Debug|Any CPU = Debug|Any CPU
		Release|Any CPU = Release|Any CPU
	EndGlobalSection
	GlobalSection(SolutionProperties) = preSolution
		HideSolutionNode = FALSE
	EndGlobalSection
	GlobalSection(ProjectConfigurationPlatforms) = postSolution
		{F9A51368-49EA-46AF-BDD9-37F3B486CEAC}.Debug|Any CPU.ActiveCfg = Debug|Any CPU
		{F9A51368-49EA-46AF-BDD9-37F3B486CEAC}.Debug|Any CPU.Build.0 = Debug|Any CPU
		{F9A51368-49EA-46AF-BDD9-37F3B486CEAC}.Release|Any CPU.ActiveCfg = Release|Any CPU
		{F9A51368-49EA-46AF-BDD9-37F3B486CEAC}.Release|Any CPU.Build.0 = Release|Any CPU
		{F98C313F-1EF3-4821-A110-279E079367F9}.Debug|Any CPU.ActiveCfg = Debug|Any CPU
		{F98C313F-1EF3-4821-A110-279E079367F9}.Debug|Any CPU.Build.0 = Debug|Any CPU
		{F98C313F-1EF3-4821-A110-279E079367F9}.Release|Any CPU.ActiveCfg = Release|Any CPU
		{F98C313F-1EF3-4821-A110-279E079367F9}.Release|Any CPU.Build.0 = Release|Any CPU
		{69117B8F-DF3E-4B9F-B707-79C523DF14B3}.Debug|Any CPU.ActiveCfg = Debug|Any CPU
		{69117B8F-DF3E-4B9F-B707-79C523DF14B3}.Debug|Any CPU.Build.0 = Debug|Any CPU
		{69117B8F-DF3E-4B9F-B707-79C523DF14B3}.Release|Any CPU.ActiveCfg = Release|Any CPU
		{69117B8F-DF3E-4B9F-B707-79C523DF14B3}.Release|Any CPU.Build.0 = Release|Any CPU
		{A793D9EC-8567-426D-B0D4-B92FF1C86B3D}.Debug|Any CPU.ActiveCfg = Debug|Any CPU
		{A793D9EC-8567-426D-B0D4-B92FF1C86B3D}.Debug|Any CPU.Build.0 = Debug|Any CPU
		{A793D9EC-8567-426D-B0D4-B92FF1C86B3D}.Release|Any CPU.ActiveCfg = Release|Any CPU
		{A793D9EC-8567-426D-B0D4-B92FF1C86B3D}.Release|Any CPU.Build.0 = Release|Any CPU
		{8F2592CB-A95E-4847-8851-60B1E36082E4}.Debug|Any CPU.ActiveCfg = Debug|Any CPU
		{8F2592CB-A95E-4847-8851-60B1E36082E4}.Debug|Any CPU.Build.0 = Debug|Any CPU
		{8F2592CB-A95E-4847-8851-60B1E36082E4}.Release|Any CPU.ActiveCfg = Release|Any CPU
		{8F2592CB-A95E-4847-8851-60B1E36082E4}.Release|Any CPU.Build.0 = Release|Any CPU
		{08B6E894-AA64-45BA-AF2E-2F5E228CA79D}.Debug|Any CPU.ActiveCfg = Debug|Any CPU
		{08B6E894-AA64-45BA-AF2E-2F5E228CA79D}.Debug|Any CPU.Build.0 = Debug|Any CPU
		{08B6E894-AA64-45BA-AF2E-2F5E228CA79D}.Release|Any CPU.ActiveCfg = Release|Any CPU
		{08B6E894-AA64-45BA-AF2E-2F5E228CA79D}.Release|Any CPU.Build.0 = Release|Any CPU
	EndGlobalSection
EndGlobal
